// !$*UTF8*$!
{
	archiveVersion = 1;
	classes = {
	};
	objectVersion = 46;
	objects = {

/* Begin PBXBuildFile section */
		9F2B51CC1E56A8CA0046FAC9 /* ChessBoardTests.swift in Sources */ = {isa = PBXBuildFile; fileRef = 9F2B51CB1E56A8CA0046FAC9 /* ChessBoardTests.swift */; };
		9F2B51DC1E56B01C0046FAC9 /* PositionTests.swift in Sources */ = {isa = PBXBuildFile; fileRef = 9F2B51DB1E56B01C0046FAC9 /* PositionTests.swift */; };
		9F2B51DE1E56BEB60046FAC9 /* DiagonalTests.swift in Sources */ = {isa = PBXBuildFile; fileRef = 9F2B51DD1E56BEB60046FAC9 /* DiagonalTests.swift */; };
		9FB7E15A1E5E53AB007E9A6E /* FoundationExtensions.swift in Sources */ = {isa = PBXBuildFile; fileRef = 9FB7E1591E5E53AB007E9A6E /* FoundationExtensions.swift */; };
		9FB7E15C1E5EB360007E9A6E /* ChessPieceTests.swift in Sources */ = {isa = PBXBuildFile; fileRef = 9FB7E15B1E5EB360007E9A6E /* ChessPieceTests.swift */; };
		9FB7E15E1E612509007E9A6E /* Move.swift in Sources */ = {isa = PBXBuildFile; fileRef = 9FB7E15D1E612509007E9A6E /* Move.swift */; };
		9FB7E1621E6126D5007E9A6E /* PriseEnPassant.swift in Sources */ = {isa = PBXBuildFile; fileRef = 9FB7E1611E6126D5007E9A6E /* PriseEnPassant.swift */; };
		9FB7E1671E624EDF007E9A6E /* Castle.swift in Sources */ = {isa = PBXBuildFile; fileRef = 9FB7E1661E624EDF007E9A6E /* Castle.swift */; };
		9FB991EC1E525F6400BD83CE /* UIKitExtensions.swift in Sources */ = {isa = PBXBuildFile; fileRef = 9FB991EB1E525F6400BD83CE /* UIKitExtensions.swift */; };
		9FCB75911E4EAAC100275773 /* AppDelegate.swift in Sources */ = {isa = PBXBuildFile; fileRef = 9FCB75901E4EAAC100275773 /* AppDelegate.swift */; };
		9FCB75931E4EAAC100275773 /* ChessBoardViewController.swift in Sources */ = {isa = PBXBuildFile; fileRef = 9FCB75921E4EAAC100275773 /* ChessBoardViewController.swift */; };
		9FCB75961E4EAAC100275773 /* Main.storyboard in Resources */ = {isa = PBXBuildFile; fileRef = 9FCB75941E4EAAC100275773 /* Main.storyboard */; };
		9FCB75981E4EAAC100275773 /* Assets.xcassets in Resources */ = {isa = PBXBuildFile; fileRef = 9FCB75971E4EAAC100275773 /* Assets.xcassets */; };
		9FCB759B1E4EAAC100275773 /* LaunchScreen.storyboard in Resources */ = {isa = PBXBuildFile; fileRef = 9FCB75991E4EAAC100275773 /* LaunchScreen.storyboard */; };
		9FCB75A31E4EAB9A00275773 /* BoardSquareView.swift in Sources */ = {isa = PBXBuildFile; fileRef = 9FCB75A21E4EAB9A00275773 /* BoardSquareView.swift */; };
		9FCB75A51E4EB71900275773 /* ChessBoardSquareView.swift in Sources */ = {isa = PBXBuildFile; fileRef = 9FCB75A41E4EB71900275773 /* ChessBoardSquareView.swift */; };
		9FCB75AA1E4ED43900275773 /* ChessPieceView.swift in Sources */ = {isa = PBXBuildFile; fileRef = 9FCB75A91E4ED43900275773 /* ChessPieceView.swift */; };
		9FCB75B41E4FB7EF00275773 /* blackBishop.png in Resources */ = {isa = PBXBuildFile; fileRef = 9FCB75AD1E4FB7EF00275773 /* blackBishop.png */; };
		9FCB75B51E4FB7EF00275773 /* blackKing.png in Resources */ = {isa = PBXBuildFile; fileRef = 9FCB75AE1E4FB7EF00275773 /* blackKing.png */; };
		9FCB75B61E4FB7EF00275773 /* blackLeftKnight.png in Resources */ = {isa = PBXBuildFile; fileRef = 9FCB75AF1E4FB7EF00275773 /* blackLeftKnight.png */; };
		9FCB75B71E4FB7EF00275773 /* blackPawn.png in Resources */ = {isa = PBXBuildFile; fileRef = 9FCB75B01E4FB7EF00275773 /* blackPawn.png */; };
		9FCB75B81E4FB7EF00275773 /* blackQueen.png in Resources */ = {isa = PBXBuildFile; fileRef = 9FCB75B11E4FB7EF00275773 /* blackQueen.png */; };
		9FCB75B91E4FB7EF00275773 /* blackRightKnight.png in Resources */ = {isa = PBXBuildFile; fileRef = 9FCB75B21E4FB7EF00275773 /* blackRightKnight.png */; };
		9FCB75BA1E4FB7EF00275773 /* blackRook.png in Resources */ = {isa = PBXBuildFile; fileRef = 9FCB75B31E4FB7EF00275773 /* blackRook.png */; };
		9FCB75C41E4FB82700275773 /* whiteBishop.png in Resources */ = {isa = PBXBuildFile; fileRef = 9FCB75BD1E4FB82700275773 /* whiteBishop.png */; };
		9FCB75C51E4FB82700275773 /* whiteKing.png in Resources */ = {isa = PBXBuildFile; fileRef = 9FCB75BE1E4FB82700275773 /* whiteKing.png */; };
		9FCB75C61E4FB82700275773 /* whiteLeftKnight.png in Resources */ = {isa = PBXBuildFile; fileRef = 9FCB75BF1E4FB82700275773 /* whiteLeftKnight.png */; };
		9FCB75C71E4FB82700275773 /* whitePawn.png in Resources */ = {isa = PBXBuildFile; fileRef = 9FCB75C01E4FB82700275773 /* whitePawn.png */; };
		9FCB75C81E4FB82700275773 /* whiteQueen.png in Resources */ = {isa = PBXBuildFile; fileRef = 9FCB75C11E4FB82700275773 /* whiteQueen.png */; };
		9FCB75C91E4FB82700275773 /* whiteRightKnight.png in Resources */ = {isa = PBXBuildFile; fileRef = 9FCB75C21E4FB82700275773 /* whiteRightKnight.png */; };
		9FCB75CA1E4FB82700275773 /* whiteRook.png in Resources */ = {isa = PBXBuildFile; fileRef = 9FCB75C31E4FB82700275773 /* whiteRook.png */; };
		9FCB75CC1E4FF1EB00275773 /* ChessBoardView.swift in Sources */ = {isa = PBXBuildFile; fileRef = 9FCB75CB1E4FF1EB00275773 /* ChessBoardView.swift */; };
		9FD74CE21E54DDC700FFC762 /* ChessGame.swift in Sources */ = {isa = PBXBuildFile; fileRef = 9FD74CE11E54DDC700FFC762 /* ChessGame.swift */; };
		9FD74CE41E54DDD800FFC762 /* ChessBoard.swift in Sources */ = {isa = PBXBuildFile; fileRef = 9FD74CE31E54DDD800FFC762 /* ChessBoard.swift */; };
		9FD74CE61E54DDED00FFC762 /* ChessPiece.swift in Sources */ = {isa = PBXBuildFile; fileRef = 9FD74CE51E54DDED00FFC762 /* ChessPiece.swift */; };
		9FD74CE91E551FC000FFC762 /* Pawn.swift in Sources */ = {isa = PBXBuildFile; fileRef = 9FD74CE81E551FC000FFC762 /* Pawn.swift */; };
		9FD74CEB1E551FCF00FFC762 /* Knight.swift in Sources */ = {isa = PBXBuildFile; fileRef = 9FD74CEA1E551FCF00FFC762 /* Knight.swift */; };
		9FD74CED1E551FDD00FFC762 /* Bishop.swift in Sources */ = {isa = PBXBuildFile; fileRef = 9FD74CEC1E551FDD00FFC762 /* Bishop.swift */; };
		9FD74CEF1E551FE700FFC762 /* Rook.swift in Sources */ = {isa = PBXBuildFile; fileRef = 9FD74CEE1E551FE700FFC762 /* Rook.swift */; };
		9FD74CF11E551FF200FFC762 /* Queen.swift in Sources */ = {isa = PBXBuildFile; fileRef = 9FD74CF01E551FF200FFC762 /* Queen.swift */; };
		9FD74CF31E551FFF00FFC762 /* King.swift in Sources */ = {isa = PBXBuildFile; fileRef = 9FD74CF21E551FFF00FFC762 /* King.swift */; };
/* End PBXBuildFile section */

/* Begin PBXContainerItemProxy section */
		9F2B51C61E56A87B0046FAC9 /* PBXContainerItemProxy */ = {
			isa = PBXContainerItemProxy;
			containerPortal = 9FCB75851E4EAAC000275773 /* Project object */;
			proxyType = 1;
			remoteGlobalIDString = 9FCB758C1E4EAAC000275773;
			remoteInfo = Chess;
		};
/* End PBXContainerItemProxy section */

/* Begin PBXFileReference section */
		9F2B51C11E56A87B0046FAC9 /* ChessTests.xctest */ = {isa = PBXFileReference; explicitFileType = wrapper.cfbundle; includeInIndex = 0; path = ChessTests.xctest; sourceTree = BUILT_PRODUCTS_DIR; };
		9F2B51C51E56A87B0046FAC9 /* Info.plist */ = {isa = PBXFileReference; lastKnownFileType = text.plist.xml; path = Info.plist; sourceTree = "<group>"; };
		9F2B51CB1E56A8CA0046FAC9 /* ChessBoardTests.swift */ = {isa = PBXFileReference; fileEncoding = 4; lastKnownFileType = sourcecode.swift; path = ChessBoardTests.swift; sourceTree = "<group>"; };
		9F2B51DB1E56B01C0046FAC9 /* PositionTests.swift */ = {isa = PBXFileReference; fileEncoding = 4; lastKnownFileType = sourcecode.swift; path = PositionTests.swift; sourceTree = "<group>"; };
		9F2B51DD1E56BEB60046FAC9 /* DiagonalTests.swift */ = {isa = PBXFileReference; fileEncoding = 4; lastKnownFileType = sourcecode.swift; path = DiagonalTests.swift; sourceTree = "<group>"; };
		9FB7E1591E5E53AB007E9A6E /* FoundationExtensions.swift */ = {isa = PBXFileReference; fileEncoding = 4; lastKnownFileType = sourcecode.swift; path = FoundationExtensions.swift; sourceTree = "<group>"; };
		9FB7E15B1E5EB360007E9A6E /* ChessPieceTests.swift */ = {isa = PBXFileReference; fileEncoding = 4; lastKnownFileType = sourcecode.swift; path = ChessPieceTests.swift; sourceTree = "<group>"; };
		9FB7E15D1E612509007E9A6E /* Move.swift */ = {isa = PBXFileReference; fileEncoding = 4; lastKnownFileType = sourcecode.swift; path = Move.swift; sourceTree = "<group>"; };
		9FB7E1611E6126D5007E9A6E /* PriseEnPassant.swift */ = {isa = PBXFileReference; fileEncoding = 4; lastKnownFileType = sourcecode.swift; path = PriseEnPassant.swift; sourceTree = "<group>"; };
		9FB7E1661E624EDF007E9A6E /* Castle.swift */ = {isa = PBXFileReference; fileEncoding = 4; lastKnownFileType = sourcecode.swift; path = Castle.swift; sourceTree = "<group>"; };
		9FB991EB1E525F6400BD83CE /* UIKitExtensions.swift */ = {isa = PBXFileReference; fileEncoding = 4; lastKnownFileType = sourcecode.swift; path = UIKitExtensions.swift; sourceTree = "<group>"; };
		9FCB758D1E4EAAC100275773 /* Chess.app */ = {isa = PBXFileReference; explicitFileType = wrapper.application; includeInIndex = 0; path = Chess.app; sourceTree = BUILT_PRODUCTS_DIR; };
		9FCB75901E4EAAC100275773 /* AppDelegate.swift */ = {isa = PBXFileReference; lastKnownFileType = sourcecode.swift; path = AppDelegate.swift; sourceTree = "<group>"; };
		9FCB75921E4EAAC100275773 /* ChessBoardViewController.swift */ = {isa = PBXFileReference; lastKnownFileType = sourcecode.swift; lineEnding = 0; path = ChessBoardViewController.swift; sourceTree = "<group>"; xcLanguageSpecificationIdentifier = xcode.lang.swift; };
		9FCB75951E4EAAC100275773 /* Base */ = {isa = PBXFileReference; lastKnownFileType = file.storyboard; name = Base; path = Base.lproj/Main.storyboard; sourceTree = "<group>"; };
		9FCB75971E4EAAC100275773 /* Assets.xcassets */ = {isa = PBXFileReference; lastKnownFileType = folder.assetcatalog; path = Assets.xcassets; sourceTree = "<group>"; };
		9FCB759A1E4EAAC100275773 /* Base */ = {isa = PBXFileReference; lastKnownFileType = file.storyboard; name = Base; path = Base.lproj/LaunchScreen.storyboard; sourceTree = "<group>"; };
		9FCB759C1E4EAAC100275773 /* Info.plist */ = {isa = PBXFileReference; lastKnownFileType = text.plist.xml; path = Info.plist; sourceTree = "<group>"; };
		9FCB75A21E4EAB9A00275773 /* BoardSquareView.swift */ = {isa = PBXFileReference; fileEncoding = 4; lastKnownFileType = sourcecode.swift; path = BoardSquareView.swift; sourceTree = "<group>"; };
		9FCB75A41E4EB71900275773 /* ChessBoardSquareView.swift */ = {isa = PBXFileReference; fileEncoding = 4; lastKnownFileType = sourcecode.swift; lineEnding = 0; path = ChessBoardSquareView.swift; sourceTree = "<group>"; xcLanguageSpecificationIdentifier = xcode.lang.swift; };
		9FCB75A91E4ED43900275773 /* ChessPieceView.swift */ = {isa = PBXFileReference; fileEncoding = 4; lastKnownFileType = sourcecode.swift; path = ChessPieceView.swift; sourceTree = "<group>"; };
		9FCB75AD1E4FB7EF00275773 /* blackBishop.png */ = {isa = PBXFileReference; lastKnownFileType = image.png; name = blackBishop.png; path = PieceIcons/Black/blackBishop.png; sourceTree = "<group>"; };
		9FCB75AE1E4FB7EF00275773 /* blackKing.png */ = {isa = PBXFileReference; lastKnownFileType = image.png; name = blackKing.png; path = PieceIcons/Black/blackKing.png; sourceTree = "<group>"; };
		9FCB75AF1E4FB7EF00275773 /* blackLeftKnight.png */ = {isa = PBXFileReference; lastKnownFileType = image.png; name = blackLeftKnight.png; path = PieceIcons/Black/blackLeftKnight.png; sourceTree = "<group>"; };
		9FCB75B01E4FB7EF00275773 /* blackPawn.png */ = {isa = PBXFileReference; lastKnownFileType = image.png; name = blackPawn.png; path = PieceIcons/Black/blackPawn.png; sourceTree = "<group>"; };
		9FCB75B11E4FB7EF00275773 /* blackQueen.png */ = {isa = PBXFileReference; lastKnownFileType = image.png; name = blackQueen.png; path = PieceIcons/Black/blackQueen.png; sourceTree = "<group>"; };
		9FCB75B21E4FB7EF00275773 /* blackRightKnight.png */ = {isa = PBXFileReference; lastKnownFileType = image.png; name = blackRightKnight.png; path = PieceIcons/Black/blackRightKnight.png; sourceTree = "<group>"; };
		9FCB75B31E4FB7EF00275773 /* blackRook.png */ = {isa = PBXFileReference; lastKnownFileType = image.png; name = blackRook.png; path = PieceIcons/Black/blackRook.png; sourceTree = "<group>"; };
		9FCB75BD1E4FB82700275773 /* whiteBishop.png */ = {isa = PBXFileReference; lastKnownFileType = image.png; name = whiteBishop.png; path = PieceIcons/White/whiteBishop.png; sourceTree = "<group>"; };
		9FCB75BE1E4FB82700275773 /* whiteKing.png */ = {isa = PBXFileReference; lastKnownFileType = image.png; name = whiteKing.png; path = PieceIcons/White/whiteKing.png; sourceTree = "<group>"; };
		9FCB75BF1E4FB82700275773 /* whiteLeftKnight.png */ = {isa = PBXFileReference; lastKnownFileType = image.png; name = whiteLeftKnight.png; path = PieceIcons/White/whiteLeftKnight.png; sourceTree = "<group>"; };
		9FCB75C01E4FB82700275773 /* whitePawn.png */ = {isa = PBXFileReference; lastKnownFileType = image.png; name = whitePawn.png; path = PieceIcons/White/whitePawn.png; sourceTree = "<group>"; };
		9FCB75C11E4FB82700275773 /* whiteQueen.png */ = {isa = PBXFileReference; lastKnownFileType = image.png; name = whiteQueen.png; path = PieceIcons/White/whiteQueen.png; sourceTree = "<group>"; };
		9FCB75C21E4FB82700275773 /* whiteRightKnight.png */ = {isa = PBXFileReference; lastKnownFileType = image.png; name = whiteRightKnight.png; path = PieceIcons/White/whiteRightKnight.png; sourceTree = "<group>"; };
		9FCB75C31E4FB82700275773 /* whiteRook.png */ = {isa = PBXFileReference; lastKnownFileType = image.png; name = whiteRook.png; path = PieceIcons/White/whiteRook.png; sourceTree = "<group>"; };
		9FCB75CB1E4FF1EB00275773 /* ChessBoardView.swift */ = {isa = PBXFileReference; fileEncoding = 4; lastKnownFileType = sourcecode.swift; path = ChessBoardView.swift; sourceTree = "<group>"; };
		9FD74CE11E54DDC700FFC762 /* ChessGame.swift */ = {isa = PBXFileReference; fileEncoding = 4; lastKnownFileType = sourcecode.swift; path = ChessGame.swift; sourceTree = "<group>"; };
		9FD74CE31E54DDD800FFC762 /* ChessBoard.swift */ = {isa = PBXFileReference; fileEncoding = 4; lastKnownFileType = sourcecode.swift; path = ChessBoard.swift; sourceTree = "<group>"; };
		9FD74CE51E54DDED00FFC762 /* ChessPiece.swift */ = {isa = PBXFileReference; fileEncoding = 4; lastKnownFileType = sourcecode.swift; path = ChessPiece.swift; sourceTree = "<group>"; };
		9FD74CE81E551FC000FFC762 /* Pawn.swift */ = {isa = PBXFileReference; fileEncoding = 4; lastKnownFileType = sourcecode.swift; path = Pawn.swift; sourceTree = "<group>"; };
		9FD74CEA1E551FCF00FFC762 /* Knight.swift */ = {isa = PBXFileReference; fileEncoding = 4; lastKnownFileType = sourcecode.swift; path = Knight.swift; sourceTree = "<group>"; };
		9FD74CEC1E551FDD00FFC762 /* Bishop.swift */ = {isa = PBXFileReference; fileEncoding = 4; lastKnownFileType = sourcecode.swift; path = Bishop.swift; sourceTree = "<group>"; };
		9FD74CEE1E551FE700FFC762 /* Rook.swift */ = {isa = PBXFileReference; fileEncoding = 4; lastKnownFileType = sourcecode.swift; path = Rook.swift; sourceTree = "<group>"; };
		9FD74CF01E551FF200FFC762 /* Queen.swift */ = {isa = PBXFileReference; fileEncoding = 4; lastKnownFileType = sourcecode.swift; path = Queen.swift; sourceTree = "<group>"; };
		9FD74CF21E551FFF00FFC762 /* King.swift */ = {isa = PBXFileReference; fileEncoding = 4; lastKnownFileType = sourcecode.swift; path = King.swift; sourceTree = "<group>"; };
/* End PBXFileReference section */

/* Begin PBXFrameworksBuildPhase section */
		9F2B51BE1E56A87B0046FAC9 /* Frameworks */ = {
			isa = PBXFrameworksBuildPhase;
			buildActionMask = 2147483647;
			files = (
			);
			runOnlyForDeploymentPostprocessing = 0;
		};
		9FCB758A1E4EAAC000275773 /* Frameworks */ = {
			isa = PBXFrameworksBuildPhase;
			buildActionMask = 2147483647;
			files = (
			);
			runOnlyForDeploymentPostprocessing = 0;
		};
/* End PBXFrameworksBuildPhase section */

/* Begin PBXGroup section */
		9F2B51C21E56A87B0046FAC9 /* ChessTests */ = {
			isa = PBXGroup;
			children = (
				9FB7E15B1E5EB360007E9A6E /* ChessPieceTests.swift */,
				9F2B51DD1E56BEB60046FAC9 /* DiagonalTests.swift */,
				9F2B51DB1E56B01C0046FAC9 /* PositionTests.swift */,
				9F2B51CB1E56A8CA0046FAC9 /* ChessBoardTests.swift */,
				9F2B51C51E56A87B0046FAC9 /* Info.plist */,
			);
			path = ChessTests;
			sourceTree = "<group>";
		};
		9FB7E1631E6126FC007E9A6E /* Moves */ = {
			isa = PBXGroup;
			children = (
				9FB7E15D1E612509007E9A6E /* Move.swift */,
				9FB7E1611E6126D5007E9A6E /* PriseEnPassant.swift */,
				9FB7E1661E624EDF007E9A6E /* Castle.swift */,
			);
			name = Moves;
			sourceTree = "<group>";
		};
		9FCB75841E4EAAC000275773 = {
			isa = PBXGroup;
			children = (
				9FCB758F1E4EAAC100275773 /* Chess */,
				9F2B51C21E56A87B0046FAC9 /* ChessTests */,
				9FCB758E1E4EAAC100275773 /* Products */,
			);
			sourceTree = "<group>";
		};
		9FCB758E1E4EAAC100275773 /* Products */ = {
			isa = PBXGroup;
			children = (
				9FCB758D1E4EAAC100275773 /* Chess.app */,
				9F2B51C11E56A87B0046FAC9 /* ChessTests.xctest */,
			);
			name = Products;
			sourceTree = "<group>";
		};
		9FCB758F1E4EAAC100275773 /* Chess */ = {
			isa = PBXGroup;
			children = (
				9FCB75921E4EAAC100275773 /* ChessBoardViewController.swift */,
				9FD74CE71E54DDFB00FFC762 /* Model */,
				9FDFC4851E5138F6007138F9 /* ChessBoard View */,
				9FCB75941E4EAAC100275773 /* Main.storyboard */,
				9FCB75971E4EAAC100275773 /* Assets.xcassets */,
				9FCB75A61E4EC28B00275773 /* Supporting Files */,
				9FCB75BB1E4FB7FB00275773 /* Images */,
			);
			path = Chess;
			sourceTree = "<group>";
		};
		9FCB75A61E4EC28B00275773 /* Supporting Files */ = {
			isa = PBXGroup;
			children = (
				9FCB75901E4EAAC100275773 /* AppDelegate.swift */,
				9FCB75991E4EAAC100275773 /* LaunchScreen.storyboard */,
				9FCB759C1E4EAAC100275773 /* Info.plist */,
			);
			name = "Supporting Files";
			sourceTree = "<group>";
		};
		9FCB75BB1E4FB7FB00275773 /* Images */ = {
			isa = PBXGroup;
			children = (
				9FCB75BC1E4FB80F00275773 /* Pieces */,
			);
			name = Images;
			sourceTree = "<group>";
		};
		9FCB75BC1E4FB80F00275773 /* Pieces */ = {
			isa = PBXGroup;
			children = (
				9FCB75BD1E4FB82700275773 /* whiteBishop.png */,
				9FCB75BE1E4FB82700275773 /* whiteKing.png */,
				9FCB75BF1E4FB82700275773 /* whiteLeftKnight.png */,
				9FCB75C01E4FB82700275773 /* whitePawn.png */,
				9FCB75C11E4FB82700275773 /* whiteQueen.png */,
				9FCB75C21E4FB82700275773 /* whiteRightKnight.png */,
				9FCB75C31E4FB82700275773 /* whiteRook.png */,
				9FCB75AD1E4FB7EF00275773 /* blackBishop.png */,
				9FCB75AE1E4FB7EF00275773 /* blackKing.png */,
				9FCB75AF1E4FB7EF00275773 /* blackLeftKnight.png */,
				9FCB75B01E4FB7EF00275773 /* blackPawn.png */,
				9FCB75B11E4FB7EF00275773 /* blackQueen.png */,
				9FCB75B21E4FB7EF00275773 /* blackRightKnight.png */,
				9FCB75B31E4FB7EF00275773 /* blackRook.png */,
			);
			name = Pieces;
			sourceTree = "<group>";
		};
		9FD74CE71E54DDFB00FFC762 /* Model */ = {
			isa = PBXGroup;
			children = (
				9FD74CE11E54DDC700FFC762 /* ChessGame.swift */,
				9FB7E1631E6126FC007E9A6E /* Moves */,
				9FD74CE31E54DDD800FFC762 /* ChessBoard.swift */,
				9FD74CE51E54DDED00FFC762 /* ChessPiece.swift */,
				9FD74CE81E551FC000FFC762 /* Pawn.swift */,
				9FD74CEA1E551FCF00FFC762 /* Knight.swift */,
				9FD74CEC1E551FDD00FFC762 /* Bishop.swift */,
				9FD74CEE1E551FE700FFC762 /* Rook.swift */,
				9FD74CF01E551FF200FFC762 /* Queen.swift */,
				9FD74CF21E551FFF00FFC762 /* King.swift */,
			);
			name = Model;
			sourceTree = "<group>";
		};
		9FDFC4851E5138F6007138F9 /* ChessBoard View */ = {
			isa = PBXGroup;
			children = (
				9FCB75A91E4ED43900275773 /* ChessPieceView.swift */,
				9FCB75A21E4EAB9A00275773 /* BoardSquareView.swift */,
				9FCB75A41E4EB71900275773 /* ChessBoardSquareView.swift */,
				9FCB75CB1E4FF1EB00275773 /* ChessBoardView.swift */,
				9FB991EB1E525F6400BD83CE /* UIKitExtensions.swift */,
				9FB7E1591E5E53AB007E9A6E /* FoundationExtensions.swift */,
			);
			name = "ChessBoard View";
			sourceTree = "<group>";
		};
/* End PBXGroup section */

/* Begin PBXNativeTarget section */
		9F2B51C01E56A87B0046FAC9 /* ChessTests */ = {
			isa = PBXNativeTarget;
			buildConfigurationList = 9F2B51CA1E56A87B0046FAC9 /* Build configuration list for PBXNativeTarget "ChessTests" */;
			buildPhases = (
				9F2B51BD1E56A87B0046FAC9 /* Sources */,
				9F2B51BE1E56A87B0046FAC9 /* Frameworks */,
				9F2B51BF1E56A87B0046FAC9 /* Resources */,
			);
			buildRules = (
			);
			dependencies = (
				9F2B51C71E56A87B0046FAC9 /* PBXTargetDependency */,
			);
			name = ChessTests;
			productName = ChessTests;
			productReference = 9F2B51C11E56A87B0046FAC9 /* ChessTests.xctest */;
			productType = "com.apple.product-type.bundle.unit-test";
		};
		9FCB758C1E4EAAC000275773 /* Chess */ = {
			isa = PBXNativeTarget;
			buildConfigurationList = 9FCB759F1E4EAAC100275773 /* Build configuration list for PBXNativeTarget "Chess" */;
			buildPhases = (
				9FCB75891E4EAAC000275773 /* Sources */,
				9FCB758A1E4EAAC000275773 /* Frameworks */,
				9FCB758B1E4EAAC000275773 /* Resources */,
			);
			buildRules = (
			);
			dependencies = (
			);
			name = Chess;
			productName = Chess;
			productReference = 9FCB758D1E4EAAC100275773 /* Chess.app */;
			productType = "com.apple.product-type.application";
		};
/* End PBXNativeTarget section */

/* Begin PBXProject section */
		9FCB75851E4EAAC000275773 /* Project object */ = {
			isa = PBXProject;
			attributes = {
				LastSwiftUpdateCheck = 0820;
				LastUpgradeCheck = 0820;
				ORGANIZATIONNAME = beenie.inc;
				TargetAttributes = {
					9F2B51C01E56A87B0046FAC9 = {
						CreatedOnToolsVersion = 8.2.1;
						DevelopmentTeam = 884AY45F52;
						ProvisioningStyle = Automatic;
						TestTargetID = 9FCB758C1E4EAAC000275773;
					};
					9FCB758C1E4EAAC000275773 = {
						CreatedOnToolsVersion = 8.2.1;
						DevelopmentTeam = 884AY45F52;
						ProvisioningStyle = Automatic;
					};
				};
			};
			buildConfigurationList = 9FCB75881E4EAAC000275773 /* Build configuration list for PBXProject "Chess" */;
			compatibilityVersion = "Xcode 3.2";
			developmentRegion = English;
			hasScannedForEncodings = 0;
			knownRegions = (
				en,
				Base,
			);
			mainGroup = 9FCB75841E4EAAC000275773;
			productRefGroup = 9FCB758E1E4EAAC100275773 /* Products */;
			projectDirPath = "";
			projectRoot = "";
			targets = (
				9FCB758C1E4EAAC000275773 /* Chess */,
				9F2B51C01E56A87B0046FAC9 /* ChessTests */,
			);
		};
/* End PBXProject section */

/* Begin PBXResourcesBuildPhase section */
		9F2B51BF1E56A87B0046FAC9 /* Resources */ = {
			isa = PBXResourcesBuildPhase;
			buildActionMask = 2147483647;
			files = (
			);
			runOnlyForDeploymentPostprocessing = 0;
		};
		9FCB758B1E4EAAC000275773 /* Resources */ = {
			isa = PBXResourcesBuildPhase;
			buildActionMask = 2147483647;
			files = (
				9FCB75B71E4FB7EF00275773 /* blackPawn.png in Resources */,
				9FCB75B41E4FB7EF00275773 /* blackBishop.png in Resources */,
				9FCB759B1E4EAAC100275773 /* LaunchScreen.storyboard in Resources */,
				9FCB75C71E4FB82700275773 /* whitePawn.png in Resources */,
				9FCB75C41E4FB82700275773 /* whiteBishop.png in Resources */,
				9FCB75981E4EAAC100275773 /* Assets.xcassets in Resources */,
				9FCB75B91E4FB7EF00275773 /* blackRightKnight.png in Resources */,
				9FCB75C61E4FB82700275773 /* whiteLeftKnight.png in Resources */,
				9FCB75B81E4FB7EF00275773 /* blackQueen.png in Resources */,
				9FCB75C81E4FB82700275773 /* whiteQueen.png in Resources */,
				9FCB75961E4EAAC100275773 /* Main.storyboard in Resources */,
				9FCB75CA1E4FB82700275773 /* whiteRook.png in Resources */,
				9FCB75C91E4FB82700275773 /* whiteRightKnight.png in Resources */,
				9FCB75B51E4FB7EF00275773 /* blackKing.png in Resources */,
				9FCB75BA1E4FB7EF00275773 /* blackRook.png in Resources */,
				9FCB75C51E4FB82700275773 /* whiteKing.png in Resources */,
				9FCB75B61E4FB7EF00275773 /* blackLeftKnight.png in Resources */,
			);
			runOnlyForDeploymentPostprocessing = 0;
		};
/* End PBXResourcesBuildPhase section */

/* Begin PBXSourcesBuildPhase section */
		9F2B51BD1E56A87B0046FAC9 /* Sources */ = {
			isa = PBXSourcesBuildPhase;
			buildActionMask = 2147483647;
			files = (
				9F2B51DC1E56B01C0046FAC9 /* PositionTests.swift in Sources */,
				9F2B51DE1E56BEB60046FAC9 /* DiagonalTests.swift in Sources */,
				9F2B51CC1E56A8CA0046FAC9 /* ChessBoardTests.swift in Sources */,
				9FB7E15C1E5EB360007E9A6E /* ChessPieceTests.swift in Sources */,
			);
			runOnlyForDeploymentPostprocessing = 0;
		};
		9FCB75891E4EAAC000275773 /* Sources */ = {
			isa = PBXSourcesBuildPhase;
			buildActionMask = 2147483647;
			files = (
				9FCB75A51E4EB71900275773 /* ChessBoardSquareView.swift in Sources */,
				9FD74CE41E54DDD800FFC762 /* ChessBoard.swift in Sources */,
				9FCB75CC1E4FF1EB00275773 /* ChessBoardView.swift in Sources */,
				9FD74CE61E54DDED00FFC762 /* ChessPiece.swift in Sources */,
				9FD74CEB1E551FCF00FFC762 /* Knight.swift in Sources */,
				9FD74CE21E54DDC700FFC762 /* ChessGame.swift in Sources */,
				9FD74CF11E551FF200FFC762 /* Queen.swift in Sources */,
				9FB7E1671E624EDF007E9A6E /* Castle.swift in Sources */,
				9FCB75A31E4EAB9A00275773 /* BoardSquareView.swift in Sources */,
				9FD74CED1E551FDD00FFC762 /* Bishop.swift in Sources */,
				9FD74CEF1E551FE700FFC762 /* Rook.swift in Sources */,
				9FB7E15E1E612509007E9A6E /* Move.swift in Sources */,
				9FCB75931E4EAAC100275773 /* ChessBoardViewController.swift in Sources */,
				9FCB75AA1E4ED43900275773 /* ChessPieceView.swift in Sources */,
				9FD74CE91E551FC000FFC762 /* Pawn.swift in Sources */,
				9FB7E1621E6126D5007E9A6E /* PriseEnPassant.swift in Sources */,
				9FB991EC1E525F6400BD83CE /* UIKitExtensions.swift in Sources */,
				9FD74CF31E551FFF00FFC762 /* King.swift in Sources */,
				9FCB75911E4EAAC100275773 /* AppDelegate.swift in Sources */,
				9FB7E15A1E5E53AB007E9A6E /* FoundationExtensions.swift in Sources */,
			);
			runOnlyForDeploymentPostprocessing = 0;
		};
/* End PBXSourcesBuildPhase section */

/* Begin PBXTargetDependency section */
		9F2B51C71E56A87B0046FAC9 /* PBXTargetDependency */ = {
			isa = PBXTargetDependency;
			target = 9FCB758C1E4EAAC000275773 /* Chess */;
			targetProxy = 9F2B51C61E56A87B0046FAC9 /* PBXContainerItemProxy */;
		};
/* End PBXTargetDependency section */

/* Begin PBXVariantGroup section */
		9FCB75941E4EAAC100275773 /* Main.storyboard */ = {
			isa = PBXVariantGroup;
			children = (
				9FCB75951E4EAAC100275773 /* Base */,
			);
			name = Main.storyboard;
			sourceTree = "<group>";
		};
		9FCB75991E4EAAC100275773 /* LaunchScreen.storyboard */ = {
			isa = PBXVariantGroup;
			children = (
				9FCB759A1E4EAAC100275773 /* Base */,
			);
			name = LaunchScreen.storyboard;
			sourceTree = "<group>";
		};
/* End PBXVariantGroup section */

/* Begin XCBuildConfiguration section */
		9F2B51C81E56A87B0046FAC9 /* Debug */ = {
			isa = XCBuildConfiguration;
			buildSettings = {
				BUNDLE_LOADER = "$(TEST_HOST)";
				DEVELOPMENT_TEAM = 884AY45F52;
				INFOPLIST_FILE = ChessTests/Info.plist;
				LD_RUNPATH_SEARCH_PATHS = "$(inherited) @executable_path/Frameworks @loader_path/Frameworks";
				PRODUCT_BUNDLE_IDENTIFIER = JeremieBenhamronBeen.ChessTests;
				PRODUCT_NAME = "$(TARGET_NAME)";
				SWIFT_VERSION = 3.0;
				TEST_HOST = "$(BUILT_PRODUCTS_DIR)/Chess.app/Chess";
			};
			name = Debug;
		};
		9F2B51C91E56A87B0046FAC9 /* Release */ = {
			isa = XCBuildConfiguration;
			buildSettings = {
				BUNDLE_LOADER = "$(TEST_HOST)";
				DEVELOPMENT_TEAM = 884AY45F52;
				INFOPLIST_FILE = ChessTests/Info.plist;
				LD_RUNPATH_SEARCH_PATHS = "$(inherited) @executable_path/Frameworks @loader_path/Frameworks";
				PRODUCT_BUNDLE_IDENTIFIER = JeremieBenhamronBeen.ChessTests;
				PRODUCT_NAME = "$(TARGET_NAME)";
				SWIFT_VERSION = 3.0;
				TEST_HOST = "$(BUILT_PRODUCTS_DIR)/Chess.app/Chess";
			};
			name = Release;
		};
		9FCB759D1E4EAAC100275773 /* Debug */ = {
			isa = XCBuildConfiguration;
			buildSettings = {
				ALWAYS_SEARCH_USER_PATHS = NO;
				CLANG_ANALYZER_NONNULL = YES;
				CLANG_CXX_LANGUAGE_STANDARD = "gnu++0x";
				CLANG_CXX_LIBRARY = "libc++";
				CLANG_ENABLE_MODULES = YES;
				CLANG_ENABLE_OBJC_ARC = YES;
				CLANG_WARN_BOOL_CONVERSION = YES;
				CLANG_WARN_CONSTANT_CONVERSION = YES;
				CLANG_WARN_DIRECT_OBJC_ISA_USAGE = YES_ERROR;
				CLANG_WARN_DOCUMENTATION_COMMENTS = YES;
				CLANG_WARN_EMPTY_BODY = YES;
				CLANG_WARN_ENUM_CONVERSION = YES;
				CLANG_WARN_INFINITE_RECURSION = YES;
				CLANG_WARN_INT_CONVERSION = YES;
				CLANG_WARN_OBJC_ROOT_CLASS = YES_ERROR;
				CLANG_WARN_SUSPICIOUS_MOVE = YES;
				CLANG_WARN_UNREACHABLE_CODE = YES;
				CLANG_WARN__DUPLICATE_METHOD_MATCH = YES;
				"CODE_SIGN_IDENTITY[sdk=iphoneos*]" = "iPhone Developer";
				COPY_PHASE_STRIP = NO;
				DEBUG_INFORMATION_FORMAT = dwarf;
				ENABLE_STRICT_OBJC_MSGSEND = YES;
				ENABLE_TESTABILITY = YES;
				GCC_C_LANGUAGE_STANDARD = gnu99;
				GCC_DYNAMIC_NO_PIC = NO;
				GCC_NO_COMMON_BLOCKS = YES;
				GCC_OPTIMIZATION_LEVEL = 0;
				GCC_PREPROCESSOR_DEFINITIONS = (
					"DEBUG=1",
					"$(inherited)",
				);
				GCC_WARN_64_TO_32_BIT_CONVERSION = YES;
				GCC_WARN_ABOUT_RETURN_TYPE = YES_ERROR;
				GCC_WARN_UNDECLARED_SELECTOR = YES;
				GCC_WARN_UNINITIALIZED_AUTOS = YES_AGGRESSIVE;
				GCC_WARN_UNUSED_FUNCTION = YES;
				GCC_WARN_UNUSED_VARIABLE = YES;
				IPHONEOS_DEPLOYMENT_TARGET = 10.2;
				MTL_ENABLE_DEBUG_INFO = YES;
				ONLY_ACTIVE_ARCH = YES;
				SDKROOT = iphoneos;
				SWIFT_ACTIVE_COMPILATION_CONDITIONS = DEBUG;
				SWIFT_OPTIMIZATION_LEVEL = "-Onone";
			};
			name = Debug;
		};
		9FCB759E1E4EAAC100275773 /* Release */ = {
			isa = XCBuildConfiguration;
			buildSettings = {
				ALWAYS_SEARCH_USER_PATHS = NO;
				CLANG_ANALYZER_NONNULL = YES;
				CLANG_CXX_LANGUAGE_STANDARD = "gnu++0x";
				CLANG_CXX_LIBRARY = "libc++";
				CLANG_ENABLE_MODULES = YES;
				CLANG_ENABLE_OBJC_ARC = YES;
				CLANG_WARN_BOOL_CONVERSION = YES;
				CLANG_WARN_CONSTANT_CONVERSION = YES;
				CLANG_WARN_DIRECT_OBJC_ISA_USAGE = YES_ERROR;
				CLANG_WARN_DOCUMENTATION_COMMENTS = YES;
				CLANG_WARN_EMPTY_BODY = YES;
				CLANG_WARN_ENUM_CONVERSION = YES;
				CLANG_WARN_INFINITE_RECURSION = YES;
				CLANG_WARN_INT_CONVERSION = YES;
				CLANG_WARN_OBJC_ROOT_CLASS = YES_ERROR;
				CLANG_WARN_SUSPICIOUS_MOVE = YES;
				CLANG_WARN_UNREACHABLE_CODE = YES;
				CLANG_WARN__DUPLICATE_METHOD_MATCH = YES;
				"CODE_SIGN_IDENTITY[sdk=iphoneos*]" = "iPhone Developer";
				COPY_PHASE_STRIP = NO;
				DEBUG_INFORMATION_FORMAT = "dwarf-with-dsym";
				ENABLE_NS_ASSERTIONS = NO;
				ENABLE_STRICT_OBJC_MSGSEND = YES;
				GCC_C_LANGUAGE_STANDARD = gnu99;
				GCC_NO_COMMON_BLOCKS = YES;
				GCC_WARN_64_TO_32_BIT_CONVERSION = YES;
				GCC_WARN_ABOUT_RETURN_TYPE = YES_ERROR;
				GCC_WARN_UNDECLARED_SELECTOR = YES;
				GCC_WARN_UNINITIALIZED_AUTOS = YES_AGGRESSIVE;
				GCC_WARN_UNUSED_FUNCTION = YES;
				GCC_WARN_UNUSED_VARIABLE = YES;
				IPHONEOS_DEPLOYMENT_TARGET = 10.2;
				MTL_ENABLE_DEBUG_INFO = NO;
				SDKROOT = iphoneos;
				SWIFT_OPTIMIZATION_LEVEL = "-Owholemodule";
				VALIDATE_PRODUCT = YES;
			};
			name = Release;
		};
		9FCB75A01E4EAAC100275773 /* Debug */ = {
			isa = XCBuildConfiguration;
			buildSettings = {
				ASSETCATALOG_COMPILER_APPICON_NAME = AppIcon;
				DEVELOPMENT_TEAM = 884AY45F52;
				INFOPLIST_FILE = Chess/Info.plist;
				LD_RUNPATH_SEARCH_PATHS = "$(inherited) @executable_path/Frameworks";
				PRODUCT_BUNDLE_IDENTIFIER = JeremieBenhamronBeen.Chess;
				PRODUCT_NAME = "$(TARGET_NAME)";
				SWIFT_VERSION = 3.0;
			};
			name = Debug;
		};
		9FCB75A11E4EAAC100275773 /* Release */ = {
			isa = XCBuildConfiguration;
			buildSettings = {
				ASSETCATALOG_COMPILER_APPICON_NAME = AppIcon;
				DEVELOPMENT_TEAM = 884AY45F52;
				INFOPLIST_FILE = Chess/Info.plist;
				LD_RUNPATH_SEARCH_PATHS = "$(inherited) @executable_path/Frameworks";
				PRODUCT_BUNDLE_IDENTIFIER = JeremieBenhamronBeen.Chess;
				PRODUCT_NAME = "$(TARGET_NAME)";
				SWIFT_VERSION = 3.0;
			};
			name = Release;
		};
/* End XCBuildConfiguration section */

/* Begin XCConfigurationList section */
		9F2B51CA1E56A87B0046FAC9 /* Build configuration list for PBXNativeTarget "ChessTests" */ = {
			isa = XCConfigurationList;
			buildConfigurations = (
				9F2B51C81E56A87B0046FAC9 /* Debug */,
				9F2B51C91E56A87B0046FAC9 /* Release */,
			);
			defaultConfigurationIsVisible = 0;
			defaultConfigurationName = Release;
		};
		9FCB75881E4EAAC000275773 /* Build configuration list for PBXProject "Chess" */ = {
			isa = XCConfigurationList;
			buildConfigurations = (
				9FCB759D1E4EAAC100275773 /* Debug */,
				9FCB759E1E4EAAC100275773 /* Release */,
			);
			defaultConfigurationIsVisible = 0;
			defaultConfigurationName = Release;
		};
		9FCB759F1E4EAAC100275773 /* Build configuration list for PBXNativeTarget "Chess" */ = {
			isa = XCConfigurationList;
			buildConfigurations = (
				9FCB75A01E4EAAC100275773 /* Debug */,
				9FCB75A11E4EAAC100275773 /* Release */,
			);
			defaultConfigurationIsVisible = 0;
			defaultConfigurationName = Release;
		};
/* End XCConfigurationList section */
	};
	rootObject = 9FCB75851E4EAAC000275773 /* Project object */;
}
